
Microsoft Visual Studio Solution File, Format Version 12.00
# Visual Studio 15
VisualStudioVersion = 15.0.28307.168
MinimumVisualStudioVersion = 10.0.40219.1
Project("{FAE04EC0-301F-11D3-BF4B-00C04F79EFBC}") = "UserProfile", "UserProfile\UserProfile.csproj", "{53FD6A29-15E3-4977-B71F-EB9B53413FA8}"
EndProject
Project("{FAE04EC0-301F-11D3-BF4B-00C04F79EFBC}") = "UserProfile.Tests", "UserProfile.Tests\UserProfile.Tests.csproj", "{0DE6514E-5EB5-47A7-8990-034D1D1449B5}"
EndProject
Global
	GlobalSection(SolutionConfigurationPlatforms) = preSolution
		Debug|Any CPU = Debug|Any CPU
		Release|Any CPU = Release|Any CPU
	EndGlobalSection
	GlobalSection(ProjectConfigurationPlatforms) = postSolution
		{53FD6A29-15E3-4977-B71F-EB9B53413FA8}.Debug|Any CPU.ActiveCfg = Debug|Any CPU
		{53FD6A29-15E3-4977-B71F-EB9B53413FA8}.Debug|Any CPU.Build.0 = Debug|Any CPU
		{53FD6A29-15E3-4977-B71F-EB9B53413FA8}.Release|Any CPU.ActiveCfg = Release|Any CPU
		{53FD6A29-15E3-4977-B71F-EB9B53413FA8}.Release|Any CPU.Build.0 = Release|Any CPU
		{0DE6514E-5EB5-47A7-8990-034D1D1449B5}.Debug|Any CPU.ActiveCfg = Debug|Any CPU
		{0DE6514E-5EB5-47A7-8990-034D1D1449B5}.Debug|Any CPU.Build.0 = Debug|Any CPU
		{0DE6514E-5EB5-47A7-8990-034D1D1449B5}.Release|Any CPU.ActiveCfg = Release|Any CPU
		{0DE6514E-5EB5-47A7-8990-034D1D1449B5}.Release|Any CPU.Build.0 = Release|Any CPU
	EndGlobalSection
	GlobalSection(SolutionProperties) = preSolution
		HideSolutionNode = FALSE
	EndGlobalSection
	GlobalSection(ExtensibilityGlobals) = postSolution
		SolutionGuid = {A13B72B8-BC6B-4645-BF09-0805851119CF}
	EndGlobalSection
EndGlobal
